
Microsoft Visual Studio Solution File, Format Version 12.00
# Visual Studio Version 18
VisualStudioVersion = 18.4.11612.150
MinimumVisualStudioVersion = 10.0.40219.1
Project("{9A19103F-16F7-4668-BE54-9A1E7A4F7556}") = "SRTPluginManager", "SRTPluginManager\SRTPluginManager.csproj", "{D8D43574-BE20-49DA-82A8-B898E65394E0}"
EndProject
Project("{2150E333-8FDC-42A3-9474-1A3956D46DE8}") = "Solution Items", "Solution Items", "{8AEE475C-06E2-4A6B-86D1-0B1BB47F126C}"
	ProjectSection(SolutionItems) = preProject
		.gitignore = .gitignore
		Directory.Build.props = Directory.Build.props
		.github\workflows\AutomatedRelease.yml = .github\workflows\AutomatedRelease.yml
		LICENSE = LICENSE
		README-FRANÇAISE.md = README-FRANÇAISE.md
		README-한글.md = README-한글.md
		README.md = README.md
		README_ESPAÑOLA.md = README_ESPAÑOLA.md
	EndProjectSection
EndProject
Global
	GlobalSection(SolutionConfigurationPlatforms) = preSolution
		Debug|Any CPU = Debug|Any CPU
		Release|Any CPU = Release|Any CPU
	EndGlobalSection
	GlobalSection(ProjectConfigurationPlatforms) = postSolution
		{D8D43574-BE20-49DA-82A8-B898E65394E0}.Debug|Any CPU.ActiveCfg = Debug|Any CPU
		{D8D43574-BE20-49DA-82A8-B898E65394E0}.Debug|Any CPU.Build.0 = Debug|Any CPU
		{D8D43574-BE20-49DA-82A8-B898E65394E0}.Release|Any CPU.ActiveCfg = Release|Any CPU
		{D8D43574-BE20-49DA-82A8-B898E65394E0}.Release|Any CPU.Build.0 = Release|Any CPU
	EndGlobalSection
	GlobalSection(SolutionProperties) = preSolution
		HideSolutionNode = FALSE
	EndGlobalSection
	GlobalSection(ExtensibilityGlobals) = postSolution
		SolutionGuid = {92353CF5-7046-4EF8-990B-C03C81538B6F}
	EndGlobalSection
EndGlobal
